Microsoft Visual Studio Solution File, Format Version 12.00
# Visual Studio Version 17
VisualStudioVersion = 17.7.34221.43
MinimumVisualStudioVersion = 10.0.40219.1
Project("{9A19103F-16F7-4668-BE54-9A1E7A4F7556}") = "VMT_Data_JAT2", "_JAT2\VMT_Data_JAT2\VMT_Data_JAT2.csproj", "{7C64ED8B-AF11-4483-B81D-74A5CC549DB2}"
EndProject
Project("{9A19103F-16F7-4668-BE54-9A1E7A4F7556}") = "Common", "Common\Common.csproj", "{36DC71F7-B929-4E76-AA61-BB58F3CBC17E}"
EndProject
Project("{9A19103F-16F7-4668-BE54-9A1E7A4F7556}") = "HessianComm", "HessianComm\HessianComm.csproj", "{2F97EAEE-2B88-46D8-AAF8-817962512ECA}"
EndProject
Project("{9A19103F-16F7-4668-BE54-9A1E7A4F7556}") = "WPSocketComm", "WPSocketComm\WPSocketComm.csproj", "{3D321321-DBD4-4CCD-B3F6-04FA60B8E435}"
EndProject
Project("{2150E333-8FDC-42A3-9474-1A3956D46DE8}") = "Solution Items", "Solution Items", "{1DC79701-D861-4AF5-823C-8FAA8AC63DB2}"
EndProject
Project("{9A19103F-16F7-4668-BE54-9A1E7A4F7556}") = "UDPComm", "UDPComm\UDPComm.csproj", "{39DE44D8-4D0F-46E0-A151-1DBC7E28AD83}"
EndProject
Project("{9A19103F-16F7-4668-BE54-9A1E7A4F7556}") = "VMT_YT", "_JAT2\VMT_YT\VMT_YT.csproj", "{616844CA-B6A1-43A9-A2DA-7C4D967F0438}"
EndProject
Project("{9A19103F-16F7-4668-BE54-9A1E7A4F7556}") = "HessianCSharp", "HessianCSharp\hessiancsharp\HessianCSharp.csproj", "{77FEADBD-E777-44A6-8B8E-339D93FE089E}"
EndProject
Global
	GlobalSection(SolutionConfigurationPlatforms) = preSolution
		Debug|Any CPU = Debug|Any CPU
		Debug|Mixed Platforms = Debug|Mixed Platforms
		Debug|x86 = Debug|x86
		Release|Any CPU = Release|Any CPU
		Release|Mixed Platforms = Release|Mixed Platforms
		Release|x86 = Release|x86
	EndGlobalSection
	GlobalSection(ProjectConfigurationPlatforms) = postSolution
		{7C64ED8B-AF11-4483-B81D-74A5CC549DB2}.Debug|Any CPU.ActiveCfg = Debug|Any CPU
		{7C64ED8B-AF11-4483-B81D-74A5CC549DB2}.Debug|Any CPU.Build.0 = Debug|Any CPU
		{7C64ED8B-AF11-4483-B81D-74A5CC549DB2}.Debug|Mixed Platforms.ActiveCfg = Debug|Any CPU
		{7C64ED8B-AF11-4483-B81D-74A5CC549DB2}.Debug|Mixed Platforms.Build.0 = Debug|Any CPU
		{7C64ED8B-AF11-4483-B81D-74A5CC549DB2}.Debug|x86.ActiveCfg = Debug|Any CPU
		{7C64ED8B-AF11-4483-B81D-74A5CC549DB2}.Release|Any CPU.ActiveCfg = Release|Any CPU
		{7C64ED8B-AF11-4483-B81D-74A5CC549DB2}.Release|Any CPU.Build.0 = Release|Any CPU
		{7C64ED8B-AF11-4483-B81D-74A5CC549DB2}.Release|Mixed Platforms.ActiveCfg = Release|Any CPU
		{7C64ED8B-AF11-4483-B81D-74A5CC549DB2}.Release|Mixed Platforms.Build.0 = Release|Any CPU
		{7C64ED8B-AF11-4483-B81D-74A5CC549DB2}.Release|x86.ActiveCfg = Release|Any CPU
		{36DC71F7-B929-4E76-AA61-BB58F3CBC17E}.Debug|Any CPU.ActiveCfg = Debug|Any CPU
		{36DC71F7-B929-4E76-AA61-BB58F3CBC17E}.Debug|Any CPU.Build.0 = Debug|Any CPU
		{36DC71F7-B929-4E76-AA61-BB58F3CBC17E}.Debug|Mixed Platforms.ActiveCfg = Debug|Any CPU
		{36DC71F7-B929-4E76-AA61-BB58F3CBC17E}.Debug|Mixed Platforms.Build.0 = Debug|Any CPU
		{36DC71F7-B929-4E76-AA61-BB58F3CBC17E}.Debug|x86.ActiveCfg = Debug|Any CPU
		{36DC71F7-B929-4E76-AA61-BB58F3CBC17E}.Release|Any CPU.ActiveCfg = Release|Any CPU
		{36DC71F7-B929-4E76-AA61-BB58F3CBC17E}.Release|Any CPU.Build.0 = Release|Any CPU
		{36DC71F7-B929-4E76-AA61-BB58F3CBC17E}.Release|Mixed Platforms.ActiveCfg = Release|Any CPU
		{36DC71F7-B929-4E76-AA61-BB58F3CBC17E}.Release|Mixed Platforms.Build.0 = Release|Any CPU
		{36DC71F7-B929-4E76-AA61-BB58F3CBC17E}.Release|x86.ActiveCfg = Release|Any CPU
		{2F97EAEE-2B88-46D8-AAF8-817962512ECA}.Debug|Any CPU.ActiveCfg = Debug|Any CPU
		{2F97EAEE-2B88-46D8-AAF8-817962512ECA}.Debug|Any CPU.Build.0 = Debug|Any CPU
		{2F97EAEE-2B88-46D8-AAF8-817962512ECA}.Debug|Mixed Platforms.ActiveCfg = Debug|Any CPU
		{2F97EAEE-2B88-46D8-AAF8-817962512ECA}.Debug|Mixed Platforms.Build.0 = Debug|Any CPU
		{2F97EAEE-2B88-46D8-AAF8-817962512ECA}.Debug|x86.ActiveCfg = Debug|Any CPU
		{2F97EAEE-2B88-46D8-AAF8-817962512ECA}.Release|Any CPU.ActiveCfg = Release|Any CPU
		{2F97EAEE-2B88-46D8-AAF8-817962512ECA}.Release|Any CPU.Build.0 = Release|Any CPU
		{2F97EAEE-2B88-46D8-AAF8-817962512ECA}.Release|Mixed Platforms.ActiveCfg = Release|Any CPU
		{2F97EAEE-2B88-46D8-AAF8-817962512ECA}.Release|Mixed Platforms.Build.0 = Release|Any CPU
		{2F97EAEE-2B88-46D8-AAF8-817962512ECA}.Release|x86.ActiveCfg = Release|Any CPU
		{3D321321-DBD4-4CCD-B3F6-04FA60B8E435}.Debug|Any CPU.ActiveCfg = Debug|Any CPU
		{3D321321-DBD4-4CCD-B3F6-04FA60B8E435}.Debug|Any CPU.Build.0 = Debug|Any CPU
		{3D321321-DBD4-4CCD-B3F6-04FA60B8E435}.Debug|Mixed Platforms.ActiveCfg = Debug|Any CPU
		{3D321321-DBD4-4CCD-B3F6-04FA60B8E435}.Debug|Mixed Platforms.Build.0 = Debug|Any CPU
		{3D321321-DBD4-4CCD-B3F6-04FA60B8E435}.Debug|x86.ActiveCfg = Debug|Any CPU
		{3D321321-DBD4-4CCD-B3F6-04FA60B8E435}.Release|Any CPU.ActiveCfg = Release|Any CPU
		{3D321321-DBD4-4CCD-B3F6-04FA60B8E435}.Release|Any CPU.Build.0 = Release|Any CPU
		{3D321321-DBD4-4CCD-B3F6-04FA60B8E435}.Release|Mixed Platforms.ActiveCfg = Release|Any CPU
		{3D321321-DBD4-4CCD-B3F6-04FA60B8E435}.Release|Mixed Platforms.Build.0 = Release|Any CPU
		{3D321321-DBD4-4CCD-B3F6-04FA60B8E435}.Release|x86.ActiveCfg = Release|Any CPU
		{39DE44D8-4D0F-46E0-A151-1DBC7E28AD83}.Debug|Any CPU.ActiveCfg = Debug|Any CPU
		{39DE44D8-4D0F-46E0-A151-1DBC7E28AD83}.Debug|Any CPU.Build.0 = Debug|Any CPU
		{39DE44D8-4D0F-46E0-A151-1DBC7E28AD83}.Debug|Mixed Platforms.ActiveCfg = Debug|Any CPU
		{39DE44D8-4D0F-46E0-A151-1DBC7E28AD83}.Debug|Mixed Platforms.Build.0 = Debug|Any CPU
		{39DE44D8-4D0F-46E0-A151-1DBC7E28AD83}.Debug|x86.ActiveCfg = Debug|Any CPU
		{39DE44D8-4D0F-46E0-A151-1DBC7E28AD83}.Release|Any CPU.ActiveCfg = Release|Any CPU
		{39DE44D8-4D0F-46E0-A151-1DBC7E28AD83}.Release|Any CPU.Build.0 = Release|Any CPU
		{39DE44D8-4D0F-46E0-A151-1DBC7E28AD83}.Release|Mixed Platforms.ActiveCfg = Release|Any CPU
		{39DE44D8-4D0F-46E0-A151-1DBC7E28AD83}.Release|Mixed Platforms.Build.0 = Release|Any CPU
		{39DE44D8-4D0F-46E0-A151-1DBC7E28AD83}.Release|x86.ActiveCfg = Release|Any CPU
		{616844CA-B6A1-43A9-A2DA-7C4D967F0438}.Debug|Any CPU.ActiveCfg = Debug|Any CPU
		{616844CA-B6A1-43A9-A2DA-7C4D967F0438}.Debug|Any CPU.Build.0 = Debug|Any CPU
		{616844CA-B6A1-43A9-A2DA-7C4D967F0438}.Debug|Any CPU.Deploy.0 = Debug|Any CPU
		{616844CA-B6A1-43A9-A2DA-7C4D967F0438}.Debug|Mixed Platforms.ActiveCfg = Debug|Any CPU
		{616844CA-B6A1-43A9-A2DA-7C4D967F0438}.Debug|Mixed Platforms.Build.0 = Debug|Any CPU
		{616844CA-B6A1-43A9-A2DA-7C4D967F0438}.Debug|Mixed Platforms.Deploy.0 = Debug|Any CPU
		{616844CA-B6A1-43A9-A2DA-7C4D967F0438}.Debug|x86.ActiveCfg = Debug|Any CPU
		{616844CA-B6A1-43A9-A2DA-7C4D967F0438}.Debug|x86.Build.0 = Debug|Any CPU
		{616844CA-B6A1-43A9-A2DA-7C4D967F0438}.Debug|x86.Deploy.0 = Debug|Any CPU
		{616844CA-B6A1-43A9-A2DA-7C4D967F0438}.Release|Any CPU.ActiveCfg = Release|Any CPU
		{616844CA-B6A1-43A9-A2DA-7C4D967F0438}.Release|Any CPU.Build.0 = Release|Any CPU
		{616844CA-B6A1-43A9-A2DA-7C4D967F0438}.Release|Any CPU.Deploy.0 = Release|Any CPU
		{616844CA-B6A1-43A9-A2DA-7C4D967F0438}.Release|Mixed Platforms.ActiveCfg = Release|Any CPU
		{616844CA-B6A1-43A9-A2DA-7C4D967F0438}.Release|Mixed Platforms.Build.0 = Release|Any CPU
		{616844CA-B6A1-43A9-A2DA-7C4D967F0438}.Release|Mixed Platforms.Deploy.0 = Release|Any CPU
		{616844CA-B6A1-43A9-A2DA-7C4D967F0438}.Release|x86.ActiveCfg = Release|Any CPU
		{616844CA-B6A1-43A9-A2DA-7C4D967F0438}.Release|x86.Build.0 = Release|Any CPU
		{616844CA-B6A1-43A9-A2DA-7C4D967F0438}.Release|x86.Deploy.0 = Release|Any CPU
		{77FEADBD-E777-44A6-8B8E-339D93FE089E}.Debug|Any CPU.ActiveCfg = Debug|Any CPU
		{77FEADBD-E777-44A6-8B8E-339D93FE089E}.Debug|Any CPU.Build.0 = Debug|Any CPU
		{77FEADBD-E777-44A6-8B8E-339D93FE089E}.Debug|Mixed Platforms.ActiveCfg = Debug|Any CPU
		{77FEADBD-E777-44A6-8B8E-339D93FE089E}.Debug|Mixed Platforms.Build.0 = Debug|Any CPU
		{77FEADBD-E777-44A6-8B8E-339D93FE089E}.Debug|x86.ActiveCfg = Debug|Any CPU
		{77FEADBD-E777-44A6-8B8E-339D93FE089E}.Debug|x86.Build.0 = Debug|Any CPU
		{77FEADBD-E777-44A6-8B8E-339D93FE089E}.Release|Any CPU.ActiveCfg = Release|Any CPU
		{77FEADBD-E777-44A6-8B8E-339D93FE089E}.Release|Any CPU.Build.0 = Release|Any CPU
		{77FEADBD-E777-44A6-8B8E-339D93FE089E}.Release|Mixed Platforms.ActiveCfg = Release|Any CPU
		{77FEADBD-E777-44A6-8B8E-339D93FE089E}.Release|Mixed Platforms.Build.0 = Release|Any CPU
		{77FEADBD-E777-44A6-8B8E-339D93FE089E}.Release|x86.ActiveCfg = Release|Any CPU
		{77FEADBD-E777-44A6-8B8E-339D93FE089E}.Release|x86.Build.0 = Release|Any CPU
	EndGlobalSection
	GlobalSection(SolutionProperties) = preSolution
		HideSolutionNode = FALSE
	EndGlobalSection
	GlobalSection(ExtensibilityGlobals) = postSolution
		SolutionGuid = {A6A6EEA5-EA25-466C-AB77-3D3838EB481C}
	EndGlobalSection
	GlobalSection(SubversionScc) = preSolution
		Svn-Managed = True
		Manager = AnkhSVN - Subversion Support for Visual Studio
	EndGlobalSection
EndGlobal
